<?xml version="1.0" encoding="UTF-8" standalone="yes" ?>
<CodeBlocks_project_file>
	<FileVersion major="1" minor="6" />
	<Project>
		<Option title="snmptraphandler" />
		<Option pch_mode="2" />
		<Option compiler="gcc" />
		<Build>
			<Target title="Debug">
				<Option output="bin\Debug\snmptraphandler" prefix_auto="1" extension_auto="1" />
				<Option object_output="obj\Debug\" />
				<Option type="1" />
				<Option compiler="gcc" />
				<Option parameters="non-service-mode" />
				<Compiler>
					<Add option="-g" />
				</Compiler>
				<Linker>
					<Add library="C:\Program Files\CodeBlocks\MinGW\lib\libwsnmp32.a" />
				</Linker>
			</Target>
			<Target title="Release">
				<Option output="bin\Release\snmptraphandler" prefix_auto="1" extension_auto="1" />
				<Option object_output="obj\Release\" />
				<Option type="1" />
				<Option compiler="gcc" />
				<Compiler>
					<Add option="-O2" />
				</Compiler>
				<Linker>
					<Add option="-s" />
					<Add library="C:\Program Files\CodeBlocks\MinGW\lib\libwsnmp32.a" />
				</Linker>
			</Target>
		</Build>
		<Compiler>
			<Add option="-Wall" />
		</Compiler>
		<Unit filename="config.h" />
		<Unit filename="dispatcher.c">
			<Option compilerVar="CC" />
		</Unit>
		<Unit filename="dispatcher.h" />
		<Unit filename="logger.c">
			<Option compilerVar="CC" />
		</Unit>
		<Unit filename="logger.h" />
		<Unit filename="main.c">
			<Option compilerVar="CC" />
		</Unit>
		<Unit filename="ressources.rc">
			<Option compilerVar="WINDRES" />
		</Unit>
		<Unit filename="service.c">
			<Option compilerVar="CC" />
		</Unit>
		<Unit filename="service.h" />
		<Unit filename="snmp.c">
			<Option compilerVar="CC" />
		</Unit>
		<Unit filename="snmp.h" />
		<Extensions>
			<code_completion />
			<debugger />
		</Extensions>
	</Project>
</CodeBlocks_project_file>
