<?xml version="1.0" encoding="UTF-8" standalone="yes" ?>
<CodeBlocks_project_file>
	<FileVersion major="1" minor="6" />
	<Project>
		<Option title="snmptraphandler" />
		<Option pch_mode="2" />
		<Option compiler="gcc" />
		<Build>
			<Target title="winsnmp Debug">
				<Option output="..\debug\snmptraphandler_winsnmp" prefix_auto="1" extension_auto="1" />
				<Option object_output="obj\Debug\" />
				<Option type="1" />
				<Option compiler="gcc" />
				<Option parameters="non-service-mode" />
				<Compiler>
					<Add option="-g" />
				</Compiler>
				<Linker>
					<Add library="..\lib\libwsnmp32.a" />
				</Linker>
			</Target>
			<Target title="winsnmp Release">
				<Option output="..\bin\snmptraphandler_winsnmp" prefix_auto="1" extension_auto="1" />
				<Option object_output="obj\Release\" />
				<Option type="1" />
				<Option compiler="gcc" />
				<Compiler>
					<Add option="-O2" />
				</Compiler>
				<Linker>
					<Add option="-s" />
					<Add library="..\lib\libwsnmp32.a" />
				</Linker>
			</Target>
			<Target title="standalone Debug">
				<Option output="..\debug\snmptraphandler_standalone" prefix_auto="1" extension_auto="1" />
				<Option object_output="obj\Debug\" />
				<Option type="1" />
				<Option compiler="gcc" />
				<Option parameters="non-service-mode" />
				<Compiler>
					<Add option="-g" />
				</Compiler>
				<Linker>
					<Add library="..\lib\libwsock32.a" />
				</Linker>
			</Target>
			<Target title="standalone Release">
				<Option output="..\bin\snmptraphandler_standalone" prefix_auto="1" extension_auto="1" />
				<Option object_output="obj\Release\" />
				<Option type="1" />
				<Option compiler="gcc" />
				<Compiler>
					<Add option="-O2" />
				</Compiler>
				<Linker>
					<Add option="-s" />
					<Add library="..\lib\libwsock32.a" />
				</Linker>
			</Target>
		</Build>
		<Compiler>
			<Add option="-Wall" />
		</Compiler>
		<Unit filename="dispatcher.c">
			<Option compilerVar="CC" />
		</Unit>
		<Unit filename="dispatcher.h" />
		<Unit filename="logger.c">
			<Option compilerVar="CC" />
		</Unit>
		<Unit filename="logger.h" />
		<Unit filename="service.c">
			<Option compilerVar="CC" />
		</Unit>
		<Unit filename="service.h" />
		<Unit filename="standalone\handler_standalone.ico">
			<Option target="standalone Debug" />
			<Option target="standalone Release" />
		</Unit>
		<Unit filename="standalone\main_standalone.c">
			<Option compilerVar="CC" />
			<Option target="standalone Debug" />
			<Option target="standalone Release" />
		</Unit>
		<Unit filename="standalone\resources.rc">
			<Option compilerVar="WINDRES" />
			<Option target="standalone Debug" />
			<Option target="standalone Release" />
		</Unit>
		<Unit filename="standalone\snmp_stack.c">
			<Option compilerVar="CC" />
			<Option target="standalone Debug" />
			<Option target="standalone Release" />
		</Unit>
		<Unit filename="standalone\snmp_stack.h">
			<Option target="standalone Debug" />
			<Option target="standalone Release" />
		</Unit>
		<Unit filename="winsnmp\main_winsnmp.c">
			<Option compilerVar="CC" />
			<Option target="winsnmp Debug" />
			<Option target="winsnmp Release" />
		</Unit>
		<Unit filename="winsnmp\resources.rc">
			<Option compilerVar="WINDRES" />
			<Option target="winsnmp Debug" />
			<Option target="winsnmp Release" />
		</Unit>
		<Unit filename="winsnmp\snmp.c">
			<Option compilerVar="CC" />
			<Option target="winsnmp Debug" />
			<Option target="winsnmp Release" />
		</Unit>
		<Unit filename="winsnmp\snmp.h">
			<Option target="winsnmp Debug" />
			<Option target="winsnmp Release" />
		</Unit>
		<Unit filename="..\snmptraptool_config.h" />
		<Extensions>
			<code_completion />
			<debugger />
		</Extensions>
	</Project>
</CodeBlocks_project_file>
