<?xml version="1.0" encoding="UTF-8" standalone="yes" ?>
<CodeBlocks_project_file>
	<FileVersion major="1" minor="6" />
	<Project>
		<Option title="snmptraptools - plugins" />
		<Option pch_mode="2" />
		<Option compiler="gcc" />
		<Build>
			<Target title="DEBUG plugin test program">
				<Option output="debug\test_plugin" prefix_auto="1" extension_auto="1" />
				<Option object_output="obj\" />
				<Option type="1" />
				<Option compiler="gcc" />
				<Compiler>
					<Add option="-O2" />
					<Add option="-Wall" />
					<Add option="-g" />
					<Add option="-DDEBUG" />
				</Compiler>
				<Linker>
					<Add option="-s" />
				</Linker>
			</Target>
			<Target title="DEBUG plugin messagebox">
				<Option output="debug\plugin_messagebox" prefix_auto="1" extension_auto="1" />
				<Option object_output="obj\" />
				<Option type="3" />
				<Option compiler="gcc" />
				<Option createDefFile="1" />
				<Option createStaticLib="1" />
				<Compiler>
					<Add option="-Wall" />
					<Add option="-DBUILD_DLL" />
					<Add option="-g" />
					<Add option="-O2" />
				</Compiler>
				<Linker>
					<Add option="-s" />
					<Add library="user32" />
				</Linker>
			</Target>
			<Target title="DEBUG plugin syslog">
				<Option output="debug\plugin_syslog" prefix_auto="1" extension_auto="1" />
				<Option object_output="obj\" />
				<Option type="3" />
				<Option compiler="gcc" />
				<Option createDefFile="1" />
				<Option createStaticLib="1" />
				<Compiler>
					<Add option="-Wall" />
					<Add option="-DBUILD_DLL" />
					<Add option="-g" />
					<Add option="-O2" />
				</Compiler>
				<Linker>
					<Add option="-s" />
					<Add library="lib\libwsock32.a" />
				</Linker>
			</Target>
		</Build>
		<Compiler>
			<Add option="-Wall" />
		</Compiler>
		<Unit filename="core\pluginEngine.c">
			<Option compilerVar="CC" />
			<Option target="DEBUG plugin test program" />
		</Unit>
		<Unit filename="core\pluginEngine.h">
			<Option target="DEBUG plugin test program" />
		</Unit>
		<Unit filename="core\snmptraptools_config.h" />
		<Unit filename="core\trapSnmp.c">
			<Option compilerVar="CC" />
		</Unit>
		<Unit filename="core\trapSnmp.h" />
		<Unit filename="plugins\debug_plugin_testing.c">
			<Option compilerVar="CC" />
			<Option target="DEBUG plugin test program" />
		</Unit>
		<Unit filename="plugins\plugin_messagebox.c">
			<Option compilerVar="CC" />
			<Option target="DEBUG plugin messagebox" />
		</Unit>
		<Unit filename="plugins\plugin_messagebox.h">
			<Option target="DEBUG plugin messagebox" />
		</Unit>
		<Unit filename="plugins\plugin_syslog.c">
			<Option compilerVar="CC" />
			<Option target="DEBUG plugin syslog" />
		</Unit>
		<Unit filename="plugins\plugin_syslog.h">
			<Option target="DEBUG plugin syslog" />
		</Unit>
		<Unit filename="plugins\plugin_syslog.rc">
			<Option compilerVar="WINDRES" />
			<Option target="DEBUG plugin syslog" />
		</Unit>
		<Unit filename="plugins\plugin_syslog_resources.h">
			<Option target="DEBUG plugin syslog" />
		</Unit>
		<Extensions>
			<code_completion />
			<debugger />
		</Extensions>
	</Project>
</CodeBlocks_project_file>
