<?xml version="1.0" encoding="UTF-8" standalone="yes" ?>
<CodeBlocks_project_file>
	<FileVersion major="1" minor="6" />
	<Project>
		<Option title="import-mib" />
		<Option pch_mode="2" />
		<Option compiler="gcc" />
		<Build>
			<Target title="Debug">
				<Option output="..\debug\import-mib" prefix_auto="1" extension_auto="1" />
				<Option object_output="obj\Debug\" />
				<Option type="1" />
				<Option compiler="gcc" />
				<Compiler>
					<Add option="-g" />
				</Compiler>
				<Linker>
					<Add library="..\lib\libfl.a" />
					<Add library="..\lib\libregistry.a" />
					<Add library="..\lib\liby.a" />
					<Add library="..\lib\libtrapsnmp.a" />
				</Linker>
				<ExtraCommands>
					<Add before="bison -d import-mib.y" />
					<Add before="flex -oimport-mib.lex.c  import-mib.l" />
				</ExtraCommands>
			</Target>
			<Target title="Release">
				<Option output="..\bin\import-mib" prefix_auto="1" extension_auto="1" />
				<Option object_output="obj\Release\" />
				<Option type="1" />
				<Option compiler="gcc" />
				<Compiler>
					<Add option="-O2" />
				</Compiler>
				<Linker>
					<Add option="-s" />
					<Add library="..\lib\libfl.a" />
					<Add library="..\lib\libregistry.a" />
					<Add library="..\lib\liby.a" />
					<Add library="..\lib\libtrapsnmp.a" />
				</Linker>
				<ExtraCommands>
					<Add before="bison -d import-mib.y" />
					<Add before="flex -oimport-mib.lex.c  import-mib.l" />
				</ExtraCommands>
			</Target>
		</Build>
		<Compiler>
			<Add option="-Wall" />
		</Compiler>
		<Unit filename="import-mib.h" />
		<Unit filename="import-mib.l" />
		<Unit filename="import-mib.lex.c">
			<Option compilerVar="CC" />
		</Unit>
		<Unit filename="import-mib.tab.c">
			<Option compilerVar="CC" />
		</Unit>
		<Unit filename="import-mib.tab.h" />
		<Unit filename="import-mib.y" />
		<Unit filename="namespace.c">
			<Option compilerVar="CC" />
		</Unit>
		<Unit filename="namespace.h" />
		<Unit filename="registry.c">
			<Option compilerVar="CC" />
		</Unit>
		<Unit filename="registry.h" />
		<Unit filename="resource.rc">
			<Option compilerVar="WINDRES" />
		</Unit>
		<Unit filename="..\snmptraptools_config.h" />
		<Extensions>
			<code_completion />
			<debugger />
		</Extensions>
	</Project>
</CodeBlocks_project_file>
